
Microsoft Visual Studio Solution File, Format Version 12.00
# Visual Studio Version 17
VisualStudioVersion = 17.7.34202.233
MinimumVisualStudioVersion = 10.0.40219.1
Project("{FAE04EC0-301F-11D3-BF4B-00C04F79EFBC}") = "Lab3", "Lab3\Lab3.csproj", "{42154EBB-B620-4C0A-8D79-71DFA421651B}"
EndProject
Project("{FAE04EC0-301F-11D3-BF4B-00C04F79EFBC}") = "UnitTest", "UnitTest\UnitTest.csproj", "{AA0F2C7B-7B79-4CDD-8A17-404F76146C1D}"
EndProject
Global
	GlobalSection(SolutionConfigurationPlatforms) = preSolution
		Debug|Any CPU = Debug|Any CPU
		Release|Any CPU = Release|Any CPU
	EndGlobalSection
	GlobalSection(ProjectConfigurationPlatforms) = postSolution
		{42154EBB-B620-4C0A-8D79-71DFA421651B}.Debug|Any CPU.ActiveCfg = Debug|Any CPU
		{42154EBB-B620-4C0A-8D79-71DFA421651B}.Debug|Any CPU.Build.0 = Debug|Any CPU
		{42154EBB-B620-4C0A-8D79-71DFA421651B}.Release|Any CPU.ActiveCfg = Release|Any CPU
		{42154EBB-B620-4C0A-8D79-71DFA421651B}.Release|Any CPU.Build.0 = Release|Any CPU
		{AA0F2C7B-7B79-4CDD-8A17-404F76146C1D}.Debug|Any CPU.ActiveCfg = Debug|Any CPU
		{AA0F2C7B-7B79-4CDD-8A17-404F76146C1D}.Debug|Any CPU.Build.0 = Debug|Any CPU
		{AA0F2C7B-7B79-4CDD-8A17-404F76146C1D}.Release|Any CPU.ActiveCfg = Release|Any CPU
		{AA0F2C7B-7B79-4CDD-8A17-404F76146C1D}.Release|Any CPU.Build.0 = Release|Any CPU
	EndGlobalSection
	GlobalSection(SolutionProperties) = preSolution
		HideSolutionNode = FALSE
	EndGlobalSection
	GlobalSection(ExtensibilityGlobals) = postSolution
		SolutionGuid = {C2B7FC0F-705C-40B8-8FA9-F6229B151180}
	EndGlobalSection
EndGlobal
